
Microsoft Visual Studio Solution File, Format Version 12.00
# Visual Studio Version 16
VisualStudioVersion = 16.0.34601.136
MinimumVisualStudioVersion = 10.0.40219.1
Project("{888888A0-9F3D-457C-B088-3A5042F75D52}") = "flowchart task fruit", "flowchart task fruit.pyproj", "{65C52050-BB0D-4EE5-9166-14290423BD11}"
EndProject
Global
	GlobalSection(SolutionConfigurationPlatforms) = preSolution
		Debug|Any CPU = Debug|Any CPU
		Release|Any CPU = Release|Any CPU
	EndGlobalSection
	GlobalSection(ProjectConfigurationPlatforms) = postSolution
		{65C52050-BB0D-4EE5-9166-14290423BD11}.Debug|Any CPU.ActiveCfg = Debug|Any CPU
		{65C52050-BB0D-4EE5-9166-14290423BD11}.Release|Any CPU.ActiveCfg = Release|Any CPU
	EndGlobalSection
	GlobalSection(SolutionProperties) = preSolution
		HideSolutionNode = FALSE
	EndGlobalSection
	GlobalSection(ExtensibilityGlobals) = postSolution
		SolutionGuid = {163176A8-225F-45EC-B7BE-E13FB64EC0D1}
	EndGlobalSection
EndGlobal
